
Microsoft Visual Studio Solution File, Format Version 12.00
Project("{FAE04EC0-301F-11D3-BF4B-00C04F79EFBC}") = "modelLaba1", "modelLaba1\modelLaba1.csproj", "{EA9DF1B3-2C14-4A13-8780-0EC889FE1BB1}"
EndProject
Global
	GlobalSection(SolutionConfigurationPlatforms) = preSolution
		Debug|Any CPU = Debug|Any CPU
		Release|Any CPU = Release|Any CPU
	EndGlobalSection
	GlobalSection(ProjectConfigurationPlatforms) = postSolution
		{EA9DF1B3-2C14-4A13-8780-0EC889FE1BB1}.Debug|Any CPU.ActiveCfg = Debug|Any CPU
		{EA9DF1B3-2C14-4A13-8780-0EC889FE1BB1}.Debug|Any CPU.Build.0 = Debug|Any CPU
		{EA9DF1B3-2C14-4A13-8780-0EC889FE1BB1}.Release|Any CPU.ActiveCfg = Release|Any CPU
		{EA9DF1B3-2C14-4A13-8780-0EC889FE1BB1}.Release|Any CPU.Build.0 = Release|Any CPU
	EndGlobalSection
EndGlobal
